
Microsoft Visual Studio Solution File, Format Version 12.00
# Visual Studio Version 17
VisualStudioVersion = 17.10.35013.160
MinimumVisualStudioVersion = 10.0.40219.1
Project("{9A19103F-16F7-4668-BE54-9A1E7A4F7556}") = "DiplomaTry2", "DiplomaTry2\DiplomaTry2.csproj", "{40E77C64-8E01-4419-BFFB-5F871A2BE3CD}"
EndProject
Project("{9A19103F-16F7-4668-BE54-9A1E7A4F7556}") = "DiplomaTry2.Client", "DiplomaTry2.Client\DiplomaTry2.Client.csproj", "{D1EBE7E2-B8E2-4ABE-AE44-9557A7971365}"
EndProject
Project("{9A19103F-16F7-4668-BE54-9A1E7A4F7556}") = "DiplomaModels", "DiplomaModels\DiplomaModels.csproj", "{09861EE5-501B-4B84-940C-606EAB671E3D}"
EndProject
Global
	GlobalSection(SolutionConfigurationPlatforms) = preSolution
		Debug|Any CPU = Debug|Any CPU
		Release|Any CPU = Release|Any CPU
	EndGlobalSection
	GlobalSection(ProjectConfigurationPlatforms) = postSolution
		{40E77C64-8E01-4419-BFFB-5F871A2BE3CD}.Debug|Any CPU.ActiveCfg = Debug|Any CPU
		{40E77C64-8E01-4419-BFFB-5F871A2BE3CD}.Debug|Any CPU.Build.0 = Debug|Any CPU
		{40E77C64-8E01-4419-BFFB-5F871A2BE3CD}.Release|Any CPU.ActiveCfg = Release|Any CPU
		{40E77C64-8E01-4419-BFFB-5F871A2BE3CD}.Release|Any CPU.Build.0 = Release|Any CPU
		{D1EBE7E2-B8E2-4ABE-AE44-9557A7971365}.Debug|Any CPU.ActiveCfg = Debug|Any CPU
		{D1EBE7E2-B8E2-4ABE-AE44-9557A7971365}.Debug|Any CPU.Build.0 = Debug|Any CPU
		{D1EBE7E2-B8E2-4ABE-AE44-9557A7971365}.Release|Any CPU.ActiveCfg = Release|Any CPU
		{D1EBE7E2-B8E2-4ABE-AE44-9557A7971365}.Release|Any CPU.Build.0 = Release|Any CPU
		{09861EE5-501B-4B84-940C-606EAB671E3D}.Debug|Any CPU.ActiveCfg = Debug|Any CPU
		{09861EE5-501B-4B84-940C-606EAB671E3D}.Debug|Any CPU.Build.0 = Debug|Any CPU
		{09861EE5-501B-4B84-940C-606EAB671E3D}.Release|Any CPU.ActiveCfg = Release|Any CPU
		{09861EE5-501B-4B84-940C-606EAB671E3D}.Release|Any CPU.Build.0 = Release|Any CPU
	EndGlobalSection
	GlobalSection(SolutionProperties) = preSolution
		HideSolutionNode = FALSE
	EndGlobalSection
	GlobalSection(ExtensibilityGlobals) = postSolution
		SolutionGuid = {AF2FBD76-CCAE-4672-8852-8DD1D35D4D58}
	EndGlobalSection
EndGlobal
